
Microsoft Visual Studio Solution File, Format Version 12.00
# Visual Studio Version 17
VisualStudioVersion = 17.8.34020.76
MinimumVisualStudioVersion = 10.0.40219.1
Project("{FAE04EC0-301F-11D3-BF4B-00C04F79EFBC}") = "SemanticChat", "SemanticChat.csproj", "{7537C6CE-FA6B-46EF-918B-F3EED040B74D}"
EndProject
Global
	GlobalSection(SolutionConfigurationPlatforms) = preSolution
		Debug|Any CPU = Debug|Any CPU
		Release|Any CPU = Release|Any CPU
	EndGlobalSection
	GlobalSection(ProjectConfigurationPlatforms) = postSolution
		{7537C6CE-FA6B-46EF-918B-F3EED040B74D}.Debug|Any CPU.ActiveCfg = Debug|Any CPU
		{7537C6CE-FA6B-46EF-918B-F3EED040B74D}.Debug|Any CPU.Build.0 = Debug|Any CPU
		{7537C6CE-FA6B-46EF-918B-F3EED040B74D}.Release|Any CPU.ActiveCfg = Release|Any CPU
		{7537C6CE-FA6B-46EF-918B-F3EED040B74D}.Release|Any CPU.Build.0 = Release|Any CPU
	EndGlobalSection
	GlobalSection(SolutionProperties) = preSolution
		HideSolutionNode = FALSE
	EndGlobalSection
	GlobalSection(ExtensibilityGlobals) = postSolution
		SolutionGuid = {CD19C067-9479-48F8-9B61-2C84D420ED82}
	EndGlobalSection
EndGlobal
